// !$*UTF8*$!
{
	archiveVersion = 1;
	classes = {
	};
	objectVersion = 46;
	objects = {

/* Begin PBXBuildFile section */
		5D06AFB71B22059300ADFA83 /* AddEventViewController.swift in Sources */ = {isa = PBXBuildFile; fileRef = 5D06AFB61B22059300ADFA83 /* AddEventViewController.swift */; };
		5D06AFB91B22281900ADFA83 /* AddQuestionViewController.swift in Sources */ = {isa = PBXBuildFile; fileRef = 5D06AFB81B22281900ADFA83 /* AddQuestionViewController.swift */; };
		5D3F5F721B1D3E5600FAF832 /* AppDelegate.swift in Sources */ = {isa = PBXBuildFile; fileRef = 5D3F5F711B1D3E5600FAF832 /* AppDelegate.swift */; };
		5D3F5F751B1D3E5600FAF832 /* Correlation.xcdatamodeld in Sources */ = {isa = PBXBuildFile; fileRef = 5D3F5F731B1D3E5600FAF832 /* Correlation.xcdatamodeld */; };
		5D3F5F771B1D3E5600FAF832 /* ViewController.swift in Sources */ = {isa = PBXBuildFile; fileRef = 5D3F5F761B1D3E5600FAF832 /* ViewController.swift */; };
		5D3F5F7A1B1D3E5600FAF832 /* Main.storyboard in Resources */ = {isa = PBXBuildFile; fileRef = 5D3F5F781B1D3E5600FAF832 /* Main.storyboard */; };
		5D3F5F7C1B1D3E5600FAF832 /* Images.xcassets in Resources */ = {isa = PBXBuildFile; fileRef = 5D3F5F7B1B1D3E5600FAF832 /* Images.xcassets */; };
		5D3F5F7F1B1D3E5600FAF832 /* LaunchScreen.xib in Resources */ = {isa = PBXBuildFile; fileRef = 5D3F5F7D1B1D3E5600FAF832 /* LaunchScreen.xib */; };
		5D3F5F8B1B1D3E5600FAF832 /* CorrelationTests.swift in Sources */ = {isa = PBXBuildFile; fileRef = 5D3F5F8A1B1D3E5600FAF832 /* CorrelationTests.swift */; };
/* End PBXBuildFile section */

/* Begin PBXContainerItemProxy section */
		5D3F5F851B1D3E5600FAF832 /* PBXContainerItemProxy */ = {
			isa = PBXContainerItemProxy;
			containerPortal = 5D3F5F641B1D3E5600FAF832 /* Project object */;
			proxyType = 1;
			remoteGlobalIDString = 5D3F5F6B1B1D3E5600FAF832;
			remoteInfo = Correlation;
		};
/* End PBXContainerItemProxy section */

/* Begin PBXFileReference section */
		5D06AFB61B22059300ADFA83 /* AddEventViewController.swift */ = {isa = PBXFileReference; fileEncoding = 4; lastKnownFileType = sourcecode.swift; path = AddEventViewController.swift; sourceTree = "<group>"; };
		5D06AFB81B22281900ADFA83 /* AddQuestionViewController.swift */ = {isa = PBXFileReference; fileEncoding = 4; lastKnownFileType = sourcecode.swift; path = AddQuestionViewController.swift; sourceTree = "<group>"; };
		5D3F5F6C1B1D3E5600FAF832 /* Correlation.app */ = {isa = PBXFileReference; explicitFileType = wrapper.application; includeInIndex = 0; path = Correlation.app; sourceTree = BUILT_PRODUCTS_DIR; };
		5D3F5F701B1D3E5600FAF832 /* Info.plist */ = {isa = PBXFileReference; lastKnownFileType = text.plist.xml; path = Info.plist; sourceTree = "<group>"; };
		5D3F5F711B1D3E5600FAF832 /* AppDelegate.swift */ = {isa = PBXFileReference; lastKnownFileType = sourcecode.swift; path = AppDelegate.swift; sourceTree = "<group>"; };
		5D3F5F741B1D3E5600FAF832 /* Correlation.xcdatamodel */ = {isa = PBXFileReference; lastKnownFileType = wrapper.xcdatamodel; path = Correlation.xcdatamodel; sourceTree = "<group>"; };
		5D3F5F761B1D3E5600FAF832 /* ViewController.swift */ = {isa = PBXFileReference; lastKnownFileType = sourcecode.swift; path = ViewController.swift; sourceTree = "<group>"; };
		5D3F5F791B1D3E5600FAF832 /* Base */ = {isa = PBXFileReference; lastKnownFileType = file.storyboard; name = Base; path = Base.lproj/Main.storyboard; sourceTree = "<group>"; };
		5D3F5F7B1B1D3E5600FAF832 /* Images.xcassets */ = {isa = PBXFileReference; lastKnownFileType = folder.assetcatalog; path = Images.xcassets; sourceTree = "<group>"; };
		5D3F5F7E1B1D3E5600FAF832 /* Base */ = {isa = PBXFileReference; lastKnownFileType = file.xib; name = Base; path = Base.lproj/LaunchScreen.xib; sourceTree = "<group>"; };
		5D3F5F841B1D3E5600FAF832 /* CorrelationTests.xctest */ = {isa = PBXFileReference; explicitFileType = wrapper.cfbundle; includeInIndex = 0; path = CorrelationTests.xctest; sourceTree = BUILT_PRODUCTS_DIR; };
		5D3F5F891B1D3E5600FAF832 /* Info.plist */ = {isa = PBXFileReference; lastKnownFileType = text.plist.xml; path = Info.plist; sourceTree = "<group>"; };
		5D3F5F8A1B1D3E5600FAF832 /* CorrelationTests.swift */ = {isa = PBXFileReference; lastKnownFileType = sourcecode.swift; path = CorrelationTests.swift; sourceTree = "<group>"; };
/* End PBXFileReference section */

/* Begin PBXFrameworksBuildPhase section */
		5D3F5F691B1D3E5600FAF832 /* Frameworks */ = {
			isa = PBXFrameworksBuildPhase;
			buildActionMask = 2147483647;
			files = (
			);
			runOnlyForDeploymentPostprocessing = 0;
		};
		5D3F5F811B1D3E5600FAF832 /* Frameworks */ = {
			isa = PBXFrameworksBuildPhase;
			buildActionMask = 2147483647;
			files = (
			);
			runOnlyForDeploymentPostprocessing = 0;
		};
/* End PBXFrameworksBuildPhase section */

/* Begin PBXGroup section */
		5D3F5F631B1D3E5600FAF832 = {
			isa = PBXGroup;
			children = (
				5D3F5F6E1B1D3E5600FAF832 /* Correlation */,
				5D3F5F871B1D3E5600FAF832 /* CorrelationTests */,
				5D3F5F6D1B1D3E5600FAF832 /* Products */,
			);
			sourceTree = "<group>";
		};
		5D3F5F6D1B1D3E5600FAF832 /* Products */ = {
			isa = PBXGroup;
			children = (
				5D3F5F6C1B1D3E5600FAF832 /* Correlation.app */,
				5D3F5F841B1D3E5600FAF832 /* CorrelationTests.xctest */,
			);
			name = Products;
			sourceTree = "<group>";
		};
		5D3F5F6E1B1D3E5600FAF832 /* Correlation */ = {
			isa = PBXGroup;
			children = (
				5D3F5F711B1D3E5600FAF832 /* AppDelegate.swift */,
				5D3F5F761B1D3E5600FAF832 /* ViewController.swift */,
				5D06AFB61B22059300ADFA83 /* AddEventViewController.swift */,
				5D06AFB81B22281900ADFA83 /* AddQuestionViewController.swift */,
				5D3F5F781B1D3E5600FAF832 /* Main.storyboard */,
				5D3F5F7B1B1D3E5600FAF832 /* Images.xcassets */,
				5D3F5F7D1B1D3E5600FAF832 /* LaunchScreen.xib */,
				5D3F5F731B1D3E5600FAF832 /* Correlation.xcdatamodeld */,
				5D3F5F6F1B1D3E5600FAF832 /* Supporting Files */,
			);
			path = Correlation;
			sourceTree = "<group>";
		};
		5D3F5F6F1B1D3E5600FAF832 /* Supporting Files */ = {
			isa = PBXGroup;
			children = (
				5D3F5F701B1D3E5600FAF832 /* Info.plist */,
			);
			name = "Supporting Files";
			sourceTree = "<group>";
		};
		5D3F5F871B1D3E5600FAF832 /* CorrelationTests */ = {
			isa = PBXGroup;
			children = (
				5D3F5F8A1B1D3E5600FAF832 /* CorrelationTests.swift */,
				5D3F5F881B1D3E5600FAF832 /* Supporting Files */,
			);
			path = CorrelationTests;
			sourceTree = "<group>";
		};
		5D3F5F881B1D3E5600FAF832 /* Supporting Files */ = {
			isa = PBXGroup;
			children = (
				5D3F5F891B1D3E5600FAF832 /* Info.plist */,
			);
			name = "Supporting Files";
			sourceTree = "<group>";
		};
/* End PBXGroup section */

/* Begin PBXNativeTarget section */
		5D3F5F6B1B1D3E5600FAF832 /* Correlation */ = {
			isa = PBXNativeTarget;
			buildConfigurationList = 5D3F5F8E1B1D3E5600FAF832 /* Build configuration list for PBXNativeTarget "Correlation" */;
			buildPhases = (
				5D3F5F681B1D3E5600FAF832 /* Sources */,
				5D3F5F691B1D3E5600FAF832 /* Frameworks */,
				5D3F5F6A1B1D3E5600FAF832 /* Resources */,
			);
			buildRules = (
			);
			dependencies = (
			);
			name = Correlation;
			productName = Correlation;
			productReference = 5D3F5F6C1B1D3E5600FAF832 /* Correlation.app */;
			productType = "com.apple.product-type.application";
		};
		5D3F5F831B1D3E5600FAF832 /* CorrelationTests */ = {
			isa = PBXNativeTarget;
			buildConfigurationList = 5D3F5F911B1D3E5600FAF832 /* Build configuration list for PBXNativeTarget "CorrelationTests" */;
			buildPhases = (
				5D3F5F801B1D3E5600FAF832 /* Sources */,
				5D3F5F811B1D3E5600FAF832 /* Frameworks */,
				5D3F5F821B1D3E5600FAF832 /* Resources */,
			);
			buildRules = (
			);
			dependencies = (
				5D3F5F861B1D3E5600FAF832 /* PBXTargetDependency */,
			);
			name = CorrelationTests;
			productName = CorrelationTests;
			productReference = 5D3F5F841B1D3E5600FAF832 /* CorrelationTests.xctest */;
			productType = "com.apple.product-type.bundle.unit-test";
		};
/* End PBXNativeTarget section */

/* Begin PBXProject section */
		5D3F5F641B1D3E5600FAF832 /* Project object */ = {
			isa = PBXProject;
			attributes = {
				LastUpgradeCheck = 0630;
				ORGANIZATIONNAME = Centresource;
				TargetAttributes = {
					5D3F5F6B1B1D3E5600FAF832 = {
						CreatedOnToolsVersion = 6.3.2;
					};
					5D3F5F831B1D3E5600FAF832 = {
						CreatedOnToolsVersion = 6.3.2;
						TestTargetID = 5D3F5F6B1B1D3E5600FAF832;
					};
				};
			};
			buildConfigurationList = 5D3F5F671B1D3E5600FAF832 /* Build configuration list for PBXProject "Correlation" */;
			compatibilityVersion = "Xcode 3.2";
			developmentRegion = English;
			hasScannedForEncodings = 0;
			knownRegions = (
				en,
				Base,
			);
			mainGroup = 5D3F5F631B1D3E5600FAF832;
			productRefGroup = 5D3F5F6D1B1D3E5600FAF832 /* Products */;
			projectDirPath = "";
			projectRoot = "";
			targets = (
				5D3F5F6B1B1D3E5600FAF832 /* Correlation */,
				5D3F5F831B1D3E5600FAF832 /* CorrelationTests */,
			);
		};
/* End PBXProject section */

/* Begin PBXResourcesBuildPhase section */
		5D3F5F6A1B1D3E5600FAF832 /* Resources */ = {
			isa = PBXResourcesBuildPhase;
			buildActionMask = 2147483647;
			files = (
				5D3F5F7A1B1D3E5600FAF832 /* Main.storyboard in Resources */,
				5D3F5F7F1B1D3E5600FAF832 /* LaunchScreen.xib in Resources */,
				5D3F5F7C1B1D3E5600FAF832 /* Images.xcassets in Resources */,
			);
			runOnlyForDeploymentPostprocessing = 0;
		};
		5D3F5F821B1D3E5600FAF832 /* Resources */ = {
			isa = PBXResourcesBuildPhase;
			buildActionMask = 2147483647;
			files = (
			);
			runOnlyForDeploymentPostprocessing = 0;
		};
/* End PBXResourcesBuildPhase section */

/* Begin PBXSourcesBuildPhase section */
		5D3F5F681B1D3E5600FAF832 /* Sources */ = {
			isa = PBXSourcesBuildPhase;
			buildActionMask = 2147483647;
			files = (
				5D3F5F771B1D3E5600FAF832 /* ViewController.swift in Sources */,
				5D3F5F751B1D3E5600FAF832 /* Correlation.xcdatamodeld in Sources */,
				5D06AFB91B22281900ADFA83 /* AddQuestionViewController.swift in Sources */,
				5D06AFB71B22059300ADFA83 /* AddEventViewController.swift in Sources */,
				5D3F5F721B1D3E5600FAF832 /* AppDelegate.swift in Sources */,
			);
			runOnlyForDeploymentPostprocessing = 0;
		};
		5D3F5F801B1D3E5600FAF832 /* Sources */ = {
			isa = PBXSourcesBuildPhase;
			buildActionMask = 2147483647;
			files = (
				5D3F5F8B1B1D3E5600FAF832 /* CorrelationTests.swift in Sources */,
			);
			runOnlyForDeploymentPostprocessing = 0;
		};
/* End PBXSourcesBuildPhase section */

/* Begin PBXTargetDependency section */
		5D3F5F861B1D3E5600FAF832 /* PBXTargetDependency */ = {
			isa = PBXTargetDependency;
			target = 5D3F5F6B1B1D3E5600FAF832 /* Correlation */;
			targetProxy = 5D3F5F851B1D3E5600FAF832 /* PBXContainerItemProxy */;
		};
/* End PBXTargetDependency section */

/* Begin PBXVariantGroup section */
		5D3F5F781B1D3E5600FAF832 /* Main.storyboard */ = {
			isa = PBXVariantGroup;
			children = (
				5D3F5F791B1D3E5600FAF832 /* Base */,
			);
			name = Main.storyboard;
			sourceTree = "<group>";
		};
		5D3F5F7D1B1D3E5600FAF832 /* LaunchScreen.xib */ = {
			isa = PBXVariantGroup;
			children = (
				5D3F5F7E1B1D3E5600FAF832 /* Base */,
			);
			name = LaunchScreen.xib;
			sourceTree = "<group>";
		};
/* End PBXVariantGroup section */

/* Begin XCBuildConfiguration section */
		5D3F5F8C1B1D3E5600FAF832 /* Debug */ = {
			isa = XCBuildConfiguration;
			buildSettings = {
				ALWAYS_SEARCH_USER_PATHS = NO;
				CLANG_CXX_LANGUAGE_STANDARD = "gnu++0x";
				CLANG_CXX_LIBRARY = "libc++";
				CLANG_ENABLE_MODULES = YES;
				CLANG_ENABLE_OBJC_ARC = YES;
				CLANG_WARN_BOOL_CONVERSION = YES;
				CLANG_WARN_CONSTANT_CONVERSION = YES;
				CLANG_WARN_DIRECT_OBJC_ISA_USAGE = YES_ERROR;
				CLANG_WARN_EMPTY_BODY = YES;
				CLANG_WARN_ENUM_CONVERSION = YES;
				CLANG_WARN_INT_CONVERSION = YES;
				CLANG_WARN_OBJC_ROOT_CLASS = YES_ERROR;
				CLANG_WARN_UNREACHABLE_CODE = YES;
				CLANG_WARN__DUPLICATE_METHOD_MATCH = YES;
				"CODE_SIGN_IDENTITY[sdk=iphoneos*]" = "iPhone Developer";
				COPY_PHASE_STRIP = NO;
				DEBUG_INFORMATION_FORMAT = "dwarf-with-dsym";
				ENABLE_STRICT_OBJC_MSGSEND = YES;
				GCC_C_LANGUAGE_STANDARD = gnu99;
				GCC_DYNAMIC_NO_PIC = NO;
				GCC_NO_COMMON_BLOCKS = YES;
				GCC_OPTIMIZATION_LEVEL = 0;
				GCC_PREPROCESSOR_DEFINITIONS = (
					"DEBUG=1",
					"$(inherited)",
				);
				GCC_SYMBOLS_PRIVATE_EXTERN = NO;
				GCC_WARN_64_TO_32_BIT_CONVERSION = YES;
				GCC_WARN_ABOUT_RETURN_TYPE = YES_ERROR;
				GCC_WARN_UNDECLARED_SELECTOR = YES;
				GCC_WARN_UNINITIALIZED_AUTOS = YES_AGGRESSIVE;
				GCC_WARN_UNUSED_FUNCTION = YES;
				GCC_WARN_UNUSED_VARIABLE = YES;
				IPHONEOS_DEPLOYMENT_TARGET = 8.3;
				MTL_ENABLE_DEBUG_INFO = YES;
				ONLY_ACTIVE_ARCH = YES;
				SDKROOT = iphoneos;
				SWIFT_OPTIMIZATION_LEVEL = "-Onone";
				TARGETED_DEVICE_FAMILY = "1,2";
			};
			name = Debug;
		};
		5D3F5F8D1B1D3E5600FAF832 /* Release */ = {
			isa = XCBuildConfiguration;
			buildSettings = {
				ALWAYS_SEARCH_USER_PATHS = NO;
				CLANG_CXX_LANGUAGE_STANDARD = "gnu++0x";
				CLANG_CXX_LIBRARY = "libc++";
				CLANG_ENABLE_MODULES = YES;
				CLANG_ENABLE_OBJC_ARC = YES;
				CLANG_WARN_BOOL_CONVERSION = YES;
				CLANG_WARN_CONSTANT_CONVERSION = YES;
				CLANG_WARN_DIRECT_OBJC_ISA_USAGE = YES_ERROR;
				CLANG_WARN_EMPTY_BODY = YES;
				CLANG_WARN_ENUM_CONVERSION = YES;
				CLANG_WARN_INT_CONVERSION = YES;
				CLANG_WARN_OBJC_ROOT_CLASS = YES_ERROR;
				CLANG_WARN_UNREACHABLE_CODE = YES;
				CLANG_WARN__DUPLICATE_METHOD_MATCH = YES;
				"CODE_SIGN_IDENTITY[sdk=iphoneos*]" = "iPhone Developer";
				COPY_PHASE_STRIP = NO;
				DEBUG_INFORMATION_FORMAT = "dwarf-with-dsym";
				ENABLE_NS_ASSERTIONS = NO;
				ENABLE_STRICT_OBJC_MSGSEND = YES;
				GCC_C_LANGUAGE_STANDARD = gnu99;
				GCC_NO_COMMON_BLOCKS = YES;
				GCC_WARN_64_TO_32_BIT_CONVERSION = YES;
				GCC_WARN_ABOUT_RETURN_TYPE = YES_ERROR;
				GCC_WARN_UNDECLARED_SELECTOR = YES;
				GCC_WARN_UNINITIALIZED_AUTOS = YES_AGGRESSIVE;
				GCC_WARN_UNUSED_FUNCTION = YES;
				GCC_WARN_UNUSED_VARIABLE = YES;
				IPHONEOS_DEPLOYMENT_TARGET = 8.3;
				MTL_ENABLE_DEBUG_INFO = NO;
				SDKROOT = iphoneos;
				TARGETED_DEVICE_FAMILY = "1,2";
				VALIDATE_PRODUCT = YES;
			};
			name = Release;
		};
		5D3F5F8F1B1D3E5600FAF832 /* Debug */ = {
			isa = XCBuildConfiguration;
			buildSettings = {
				ASSETCATALOG_COMPILER_APPICON_NAME = AppIcon;
				INFOPLIST_FILE = Correlation/Info.plist;
				LD_RUNPATH_SEARCH_PATHS = "$(inherited) @executable_path/Frameworks";
				PRODUCT_NAME = "$(TARGET_NAME)";
			};
			name = Debug;
		};
		5D3F5F901B1D3E5600FAF832 /* Release */ = {
			isa = XCBuildConfiguration;
			buildSettings = {
				ASSETCATALOG_COMPILER_APPICON_NAME = AppIcon;
				INFOPLIST_FILE = Correlation/Info.plist;
				LD_RUNPATH_SEARCH_PATHS = "$(inherited) @executable_path/Frameworks";
				PRODUCT_NAME = "$(TARGET_NAME)";
			};
			name = Release;
		};
		5D3F5F921B1D3E5600FAF832 /* Debug */ = {
			isa = XCBuildConfiguration;
			buildSettings = {
				BUNDLE_LOADER = "$(TEST_HOST)";
				FRAMEWORK_SEARCH_PATHS = (
					"$(SDKROOT)/Developer/Library/Frameworks",
					"$(inherited)",
				);
				GCC_PREPROCESSOR_DEFINITIONS = (
					"DEBUG=1",
					"$(inherited)",
				);
				INFOPLIST_FILE = CorrelationTests/Info.plist;
				LD_RUNPATH_SEARCH_PATHS = "$(inherited) @executable_path/Frameworks @loader_path/Frameworks";
				PRODUCT_NAME = "$(TARGET_NAME)";
				TEST_HOST = "$(BUILT_PRODUCTS_DIR)/Correlation.app/Correlation";
			};
			name = Debug;
		};
		5D3F5F931B1D3E5600FAF832 /* Release */ = {
			isa = XCBuildConfiguration;
			buildSettings = {
				BUNDLE_LOADER = "$(TEST_HOST)";
				FRAMEWORK_SEARCH_PATHS = (
					"$(SDKROOT)/Developer/Library/Frameworks",
					"$(inherited)",
				);
				INFOPLIST_FILE = CorrelationTests/Info.plist;
				LD_RUNPATH_SEARCH_PATHS = "$(inherited) @executable_path/Frameworks @loader_path/Frameworks";
				PRODUCT_NAME = "$(TARGET_NAME)";
				TEST_HOST = "$(BUILT_PRODUCTS_DIR)/Correlation.app/Correlation";
			};
			name = Release;
		};
/* End XCBuildConfiguration section */

/* Begin XCConfigurationList section */
		5D3F5F671B1D3E5600FAF832 /* Build configuration list for PBXProject "Correlation" */ = {
			isa = XCConfigurationList;
			buildConfigurations = (
				5D3F5F8C1B1D3E5600FAF832 /* Debug */,
				5D3F5F8D1B1D3E5600FAF832 /* Release */,
			);
			defaultConfigurationIsVisible = 0;
			defaultConfigurationName = Release;
		};
		5D3F5F8E1B1D3E5600FAF832 /* Build configuration list for PBXNativeTarget "Correlation" */ = {
			isa = XCConfigurationList;
			buildConfigurations = (
				5D3F5F8F1B1D3E5600FAF832 /* Debug */,
				5D3F5F901B1D3E5600FAF832 /* Release */,
			);
			defaultConfigurationIsVisible = 0;
			defaultConfigurationName = Release;
		};
		5D3F5F911B1D3E5600FAF832 /* Build configuration list for PBXNativeTarget "CorrelationTests" */ = {
			isa = XCConfigurationList;
			buildConfigurations = (
				5D3F5F921B1D3E5600FAF832 /* Debug */,
				5D3F5F931B1D3E5600FAF832 /* Release */,
			);
			defaultConfigurationIsVisible = 0;
			defaultConfigurationName = Release;
		};
/* End XCConfigurationList section */

/* Begin XCVersionGroup section */
		5D3F5F731B1D3E5600FAF832 /* Correlation.xcdatamodeld */ = {
			isa = XCVersionGroup;
			children = (
				5D3F5F741B1D3E5600FAF832 /* Correlation.xcdatamodel */,
			);
			currentVersion = 5D3F5F741B1D3E5600FAF832 /* Correlation.xcdatamodel */;
			path = Correlation.xcdatamodeld;
			sourceTree = "<group>";
			versionGroupType = wrapper.xcdatamodel;
		};
/* End XCVersionGroup section */
	};
	rootObject = 5D3F5F641B1D3E5600FAF832 /* Project object */;
}
